// !$*UTF8*$!
{
	archiveVersion = 1;
	classes = {
	};
	objectVersion = 46;
	objects = {

/* Begin PBXBuildFile section */
		771363431994DC0800F4A1F8 /* Foundation.framework in Frameworks */ = {isa = PBXBuildFile; fileRef = 771363421994DC0800F4A1F8 /* Foundation.framework */; };
		771363451994DC0800F4A1F8 /* CoreGraphics.framework in Frameworks */ = {isa = PBXBuildFile; fileRef = 771363441994DC0800F4A1F8 /* CoreGraphics.framework */; };
		771363471994DC0900F4A1F8 /* UIKit.framework in Frameworks */ = {isa = PBXBuildFile; fileRef = 771363461994DC0900F4A1F8 /* UIKit.framework */; };
		7713634D1994DC0900F4A1F8 /* InfoPlist.strings in Resources */ = {isa = PBXBuildFile; fileRef = 7713634B1994DC0900F4A1F8 /* InfoPlist.strings */; };
		7713634F1994DC0900F4A1F8 /* main.m in Sources */ = {isa = PBXBuildFile; fileRef = 7713634E1994DC0900F4A1F8 /* main.m */; };
		771363531994DC0900F4A1F8 /* AppDelegate.m in Sources */ = {isa = PBXBuildFile; fileRef = 771363521994DC0900F4A1F8 /* AppDelegate.m */; };
		771363561994DC0900F4A1F8 /* Main_iPhone.storyboard in Resources */ = {isa = PBXBuildFile; fileRef = 771363541994DC0900F4A1F8 /* Main_iPhone.storyboard */; };
		771363591994DC0900F4A1F8 /* Main_iPad.storyboard in Resources */ = {isa = PBXBuildFile; fileRef = 771363571994DC0900F4A1F8 /* Main_iPad.storyboard */; };
		7713635C1994DC0900F4A1F8 /* ViewController.m in Sources */ = {isa = PBXBuildFile; fileRef = 7713635B1994DC0900F4A1F8 /* ViewController.m */; };
		7713635E1994DC0900F4A1F8 /* Images.xcassets in Resources */ = {isa = PBXBuildFile; fileRef = 7713635D1994DC0900F4A1F8 /* Images.xcassets */; };
		771363651994DC0900F4A1F8 /* XCTest.framework in Frameworks */ = {isa = PBXBuildFile; fileRef = 771363641994DC0900F4A1F8 /* XCTest.framework */; };
		771363661994DC0900F4A1F8 /* Foundation.framework in Frameworks */ = {isa = PBXBuildFile; fileRef = 771363421994DC0800F4A1F8 /* Foundation.framework */; };
		771363671994DC0900F4A1F8 /* UIKit.framework in Frameworks */ = {isa = PBXBuildFile; fileRef = 771363461994DC0900F4A1F8 /* UIKit.framework */; };
		7713636F1994DC0900F4A1F8 /* InfoPlist.strings in Resources */ = {isa = PBXBuildFile; fileRef = 7713636D1994DC0900F4A1F8 /* InfoPlist.strings */; };
		771363711994DC0900F4A1F8 /* MontserratDemoTests.m in Sources */ = {isa = PBXBuildFile; fileRef = 771363701994DC0900F4A1F8 /* MontserratDemoTests.m */; };
		9F55093A05BA41CC9543C3ED /* libPods-MontserratDemoTests.a in Frameworks */ = {isa = PBXBuildFile; fileRef = 97802A370BE44B16AFEB2868 /* libPods-MontserratDemoTests.a */; };
		F2868CDC31C14A1FA0A58229 /* libPods-MontserratDemo.a in Frameworks */ = {isa = PBXBuildFile; fileRef = A16063B2CA7349A5832BAB5F /* libPods-MontserratDemo.a */; };
/* End PBXBuildFile section */

/* Begin PBXContainerItemProxy section */
		771363681994DC0900F4A1F8 /* PBXContainerItemProxy */ = {
			isa = PBXContainerItemProxy;
			containerPortal = 771363371994DC0800F4A1F8 /* Project object */;
			proxyType = 1;
			remoteGlobalIDString = 7713633E1994DC0800F4A1F8;
			remoteInfo = MontserratDemo;
		};
/* End PBXContainerItemProxy section */

/* Begin PBXFileReference section */
		2F47762D539044B78718706F /* Pods-MontserratDemoTests.xcconfig */ = {isa = PBXFileReference; includeInIndex = 1; lastKnownFileType = text.xcconfig; name = "Pods-MontserratDemoTests.xcconfig"; path = "Pods/Pods-MontserratDemoTests.xcconfig"; sourceTree = "<group>"; };
		49DB6BEAD31E400281AB762E /* Pods-MontserratDemo.xcconfig */ = {isa = PBXFileReference; includeInIndex = 1; lastKnownFileType = text.xcconfig; name = "Pods-MontserratDemo.xcconfig"; path = "Pods/Pods-MontserratDemo.xcconfig"; sourceTree = "<group>"; };
		7713633F1994DC0800F4A1F8 /* MontserratDemo.app */ = {isa = PBXFileReference; explicitFileType = wrapper.application; includeInIndex = 0; path = MontserratDemo.app; sourceTree = BUILT_PRODUCTS_DIR; };
		771363421994DC0800F4A1F8 /* Foundation.framework */ = {isa = PBXFileReference; lastKnownFileType = wrapper.framework; name = Foundation.framework; path = System/Library/Frameworks/Foundation.framework; sourceTree = SDKROOT; };
		771363441994DC0800F4A1F8 /* CoreGraphics.framework */ = {isa = PBXFileReference; lastKnownFileType = wrapper.framework; name = CoreGraphics.framework; path = System/Library/Frameworks/CoreGraphics.framework; sourceTree = SDKROOT; };
		771363461994DC0900F4A1F8 /* UIKit.framework */ = {isa = PBXFileReference; lastKnownFileType = wrapper.framework; name = UIKit.framework; path = System/Library/Frameworks/UIKit.framework; sourceTree = SDKROOT; };
		7713634A1994DC0900F4A1F8 /* MontserratDemo-Info.plist */ = {isa = PBXFileReference; lastKnownFileType = text.plist.xml; path = "MontserratDemo-Info.plist"; sourceTree = "<group>"; };
		7713634C1994DC0900F4A1F8 /* en */ = {isa = PBXFileReference; lastKnownFileType = text.plist.strings; name = en; path = en.lproj/InfoPlist.strings; sourceTree = "<group>"; };
		7713634E1994DC0900F4A1F8 /* main.m */ = {isa = PBXFileReference; lastKnownFileType = sourcecode.c.objc; path = main.m; sourceTree = "<group>"; };
		771363501994DC0900F4A1F8 /* MontserratDemo-Prefix.pch */ = {isa = PBXFileReference; lastKnownFileType = sourcecode.c.h; path = "MontserratDemo-Prefix.pch"; sourceTree = "<group>"; };
		771363511994DC0900F4A1F8 /* AppDelegate.h */ = {isa = PBXFileReference; lastKnownFileType = sourcecode.c.h; path = AppDelegate.h; sourceTree = "<group>"; };
		771363521994DC0900F4A1F8 /* AppDelegate.m */ = {isa = PBXFileReference; lastKnownFileType = sourcecode.c.objc; path = AppDelegate.m; sourceTree = "<group>"; };
		771363551994DC0900F4A1F8 /* Base */ = {isa = PBXFileReference; lastKnownFileType = file.storyboard; name = Base; path = Base.lproj/Main_iPhone.storyboard; sourceTree = "<group>"; };
		771363581994DC0900F4A1F8 /* Base */ = {isa = PBXFileReference; lastKnownFileType = file.storyboard; name = Base; path = Base.lproj/Main_iPad.storyboard; sourceTree = "<group>"; };
		7713635A1994DC0900F4A1F8 /* ViewController.h */ = {isa = PBXFileReference; lastKnownFileType = sourcecode.c.h; path = ViewController.h; sourceTree = "<group>"; };
		7713635B1994DC0900F4A1F8 /* ViewController.m */ = {isa = PBXFileReference; lastKnownFileType = sourcecode.c.objc; path = ViewController.m; sourceTree = "<group>"; };
		7713635D1994DC0900F4A1F8 /* Images.xcassets */ = {isa = PBXFileReference; lastKnownFileType = folder.assetcatalog; path = Images.xcassets; sourceTree = "<group>"; };
		771363631994DC0900F4A1F8 /* MontserratDemoTests.xctest */ = {isa = PBXFileReference; explicitFileType = wrapper.cfbundle; includeInIndex = 0; path = MontserratDemoTests.xctest; sourceTree = BUILT_PRODUCTS_DIR; };
		771363641994DC0900F4A1F8 /* XCTest.framework */ = {isa = PBXFileReference; lastKnownFileType = wrapper.framework; name = XCTest.framework; path = Library/Frameworks/XCTest.framework; sourceTree = DEVELOPER_DIR; };
		7713636C1994DC0900F4A1F8 /* MontserratDemoTests-Info.plist */ = {isa = PBXFileReference; lastKnownFileType = text.plist.xml; path = "MontserratDemoTests-Info.plist"; sourceTree = "<group>"; };
		7713636E1994DC0900F4A1F8 /* en */ = {isa = PBXFileReference; lastKnownFileType = text.plist.strings; name = en; path = en.lproj/InfoPlist.strings; sourceTree = "<group>"; };
		771363701994DC0900F4A1F8 /* MontserratDemoTests.m */ = {isa = PBXFileReference; lastKnownFileType = sourcecode.c.objc; path = MontserratDemoTests.m; sourceTree = "<group>"; };
		97802A370BE44B16AFEB2868 /* libPods-MontserratDemoTests.a */ = {isa = PBXFileReference; explicitFileType = archive.ar; includeInIndex = 0; path = "libPods-MontserratDemoTests.a"; sourceTree = BUILT_PRODUCTS_DIR; };
		A16063B2CA7349A5832BAB5F /* libPods-MontserratDemo.a */ = {isa = PBXFileReference; explicitFileType = archive.ar; includeInIndex = 0; path = "libPods-MontserratDemo.a"; sourceTree = BUILT_PRODUCTS_DIR; };
/* End PBXFileReference section */

/* Begin PBXFrameworksBuildPhase section */
		7713633C1994DC0800F4A1F8 /* Frameworks */ = {
			isa = PBXFrameworksBuildPhase;
			buildActionMask = 2147483647;
			files = (
				771363451994DC0800F4A1F8 /* CoreGraphics.framework in Frameworks */,
				771363471994DC0900F4A1F8 /* UIKit.framework in Frameworks */,
				771363431994DC0800F4A1F8 /* Foundation.framework in Frameworks */,
				F2868CDC31C14A1FA0A58229 /* libPods-MontserratDemo.a in Frameworks */,
			);
			runOnlyForDeploymentPostprocessing = 0;
		};
		771363601994DC0900F4A1F8 /* Frameworks */ = {
			isa = PBXFrameworksBuildPhase;
			buildActionMask = 2147483647;
			files = (
				771363651994DC0900F4A1F8 /* XCTest.framework in Frameworks */,
				771363671994DC0900F4A1F8 /* UIKit.framework in Frameworks */,
				771363661994DC0900F4A1F8 /* Foundation.framework in Frameworks */,
				9F55093A05BA41CC9543C3ED /* libPods-MontserratDemoTests.a in Frameworks */,
			);
			runOnlyForDeploymentPostprocessing = 0;
		};
/* End PBXFrameworksBuildPhase section */

/* Begin PBXGroup section */
		771363361994DC0800F4A1F8 = {
			isa = PBXGroup;
			children = (
				771363481994DC0900F4A1F8 /* MontserratDemo */,
				7713636A1994DC0900F4A1F8 /* MontserratDemoTests */,
				771363411994DC0800F4A1F8 /* Frameworks */,
				771363401994DC0800F4A1F8 /* Products */,
				49DB6BEAD31E400281AB762E /* Pods-MontserratDemo.xcconfig */,
				2F47762D539044B78718706F /* Pods-MontserratDemoTests.xcconfig */,
			);
			sourceTree = "<group>";
		};
		771363401994DC0800F4A1F8 /* Products */ = {
			isa = PBXGroup;
			children = (
				7713633F1994DC0800F4A1F8 /* MontserratDemo.app */,
				771363631994DC0900F4A1F8 /* MontserratDemoTests.xctest */,
			);
			name = Products;
			sourceTree = "<group>";
		};
		771363411994DC0800F4A1F8 /* Frameworks */ = {
			isa = PBXGroup;
			children = (
				771363421994DC0800F4A1F8 /* Foundation.framework */,
				771363441994DC0800F4A1F8 /* CoreGraphics.framework */,
				771363461994DC0900F4A1F8 /* UIKit.framework */,
				771363641994DC0900F4A1F8 /* XCTest.framework */,
				A16063B2CA7349A5832BAB5F /* libPods-MontserratDemo.a */,
				97802A370BE44B16AFEB2868 /* libPods-MontserratDemoTests.a */,
			);
			name = Frameworks;
			sourceTree = "<group>";
		};
		771363481994DC0900F4A1F8 /* MontserratDemo */ = {
			isa = PBXGroup;
			children = (
				771363511994DC0900F4A1F8 /* AppDelegate.h */,
				771363521994DC0900F4A1F8 /* AppDelegate.m */,
				771363541994DC0900F4A1F8 /* Main_iPhone.storyboard */,
				771363571994DC0900F4A1F8 /* Main_iPad.storyboard */,
				7713635A1994DC0900F4A1F8 /* ViewController.h */,
				7713635B1994DC0900F4A1F8 /* ViewController.m */,
				7713635D1994DC0900F4A1F8 /* Images.xcassets */,
				771363491994DC0900F4A1F8 /* Supporting Files */,
			);
			path = MontserratDemo;
			sourceTree = "<group>";
		};
		771363491994DC0900F4A1F8 /* Supporting Files */ = {
			isa = PBXGroup;
			children = (
				7713634A1994DC0900F4A1F8 /* MontserratDemo-Info.plist */,
				7713634B1994DC0900F4A1F8 /* InfoPlist.strings */,
				7713634E1994DC0900F4A1F8 /* main.m */,
				771363501994DC0900F4A1F8 /* MontserratDemo-Prefix.pch */,
			);
			name = "Supporting Files";
			sourceTree = "<group>";
		};
		7713636A1994DC0900F4A1F8 /* MontserratDemoTests */ = {
			isa = PBXGroup;
			children = (
				771363701994DC0900F4A1F8 /* MontserratDemoTests.m */,
				7713636B1994DC0900F4A1F8 /* Supporting Files */,
			);
			path = MontserratDemoTests;
			sourceTree = "<group>";
		};
		7713636B1994DC0900F4A1F8 /* Supporting Files */ = {
			isa = PBXGroup;
			children = (
				7713636C1994DC0900F4A1F8 /* MontserratDemoTests-Info.plist */,
				7713636D1994DC0900F4A1F8 /* InfoPlist.strings */,
			);
			name = "Supporting Files";
			sourceTree = "<group>";
		};
/* End PBXGroup section */

/* Begin PBXNativeTarget section */
		7713633E1994DC0800F4A1F8 /* MontserratDemo */ = {
			isa = PBXNativeTarget;
			buildConfigurationList = 771363741994DC0900F4A1F8 /* Build configuration list for PBXNativeTarget "MontserratDemo" */;
			buildPhases = (
				1D50921B97DC4AC9AA6F2A49 /* Check Pods Manifest.lock */,
				7713633B1994DC0800F4A1F8 /* Sources */,
				7713633C1994DC0800F4A1F8 /* Frameworks */,
				7713633D1994DC0800F4A1F8 /* Resources */,
				C7974085A5ED430B9307532E /* Copy Pods Resources */,
			);
			buildRules = (
			);
			dependencies = (
			);
			name = MontserratDemo;
			productName = MontserratDemo;
			productReference = 7713633F1994DC0800F4A1F8 /* MontserratDemo.app */;
			productType = "com.apple.product-type.application";
		};
		771363621994DC0900F4A1F8 /* MontserratDemoTests */ = {
			isa = PBXNativeTarget;
			buildConfigurationList = 771363771994DC0900F4A1F8 /* Build configuration list for PBXNativeTarget "MontserratDemoTests" */;
			buildPhases = (
				7CE08E6EAB3947E6827D3B3F /* Check Pods Manifest.lock */,
				7713635F1994DC0900F4A1F8 /* Sources */,
				771363601994DC0900F4A1F8 /* Frameworks */,
				771363611994DC0900F4A1F8 /* Resources */,
				58EA54816D564431BEC00E5E /* Copy Pods Resources */,
			);
			buildRules = (
			);
			dependencies = (
				771363691994DC0900F4A1F8 /* PBXTargetDependency */,
			);
			name = MontserratDemoTests;
			productName = MontserratDemoTests;
			productReference = 771363631994DC0900F4A1F8 /* MontserratDemoTests.xctest */;
			productType = "com.apple.product-type.bundle.unit-test";
		};
/* End PBXNativeTarget section */

/* Begin PBXProject section */
		771363371994DC0800F4A1F8 /* Project object */ = {
			isa = PBXProject;
			attributes = {
				LastUpgradeCheck = 0510;
				ORGANIZATIONNAME = Cocode;
				TargetAttributes = {
					771363621994DC0900F4A1F8 = {
						TestTargetID = 7713633E1994DC0800F4A1F8;
					};
				};
			};
			buildConfigurationList = 7713633A1994DC0800F4A1F8 /* Build configuration list for PBXProject "MontserratDemo" */;
			compatibilityVersion = "Xcode 3.2";
			developmentRegion = English;
			hasScannedForEncodings = 0;
			knownRegions = (
				en,
				Base,
			);
			mainGroup = 771363361994DC0800F4A1F8;
			productRefGroup = 771363401994DC0800F4A1F8 /* Products */;
			projectDirPath = "";
			projectRoot = "";
			targets = (
				7713633E1994DC0800F4A1F8 /* MontserratDemo */,
				771363621994DC0900F4A1F8 /* MontserratDemoTests */,
			);
		};
/* End PBXProject section */

/* Begin PBXResourcesBuildPhase section */
		7713633D1994DC0800F4A1F8 /* Resources */ = {
			isa = PBXResourcesBuildPhase;
			buildActionMask = 2147483647;
			files = (
				771363591994DC0900F4A1F8 /* Main_iPad.storyboard in Resources */,
				7713635E1994DC0900F4A1F8 /* Images.xcassets in Resources */,
				771363561994DC0900F4A1F8 /* Main_iPhone.storyboard in Resources */,
				7713634D1994DC0900F4A1F8 /* InfoPlist.strings in Resources */,
			);
			runOnlyForDeploymentPostprocessing = 0;
		};
		771363611994DC0900F4A1F8 /* Resources */ = {
			isa = PBXResourcesBuildPhase;
			buildActionMask = 2147483647;
			files = (
				7713636F1994DC0900F4A1F8 /* InfoPlist.strings in Resources */,
			);
			runOnlyForDeploymentPostprocessing = 0;
		};
/* End PBXResourcesBuildPhase section */

/* Begin PBXShellScriptBuildPhase section */
		1D50921B97DC4AC9AA6F2A49 /* Check Pods Manifest.lock */ = {
			isa = PBXShellScriptBuildPhase;
			buildActionMask = 2147483647;
			files = (
			);
			inputPaths = (
			);
			name = "Check Pods Manifest.lock";
			outputPaths = (
			);
			runOnlyForDeploymentPostprocessing = 0;
			shellPath = /bin/sh;
			shellScript = "diff \"${PODS_ROOT}/../Podfile.lock\" \"${PODS_ROOT}/Manifest.lock\" > /dev/null\nif [[ $? != 0 ]] ; then\n    cat << EOM\nerror: The sandbox is not in sync with the Podfile.lock. Run 'pod install' or update your CocoaPods installation.\nEOM\n    exit 1\nfi\n";
			showEnvVarsInLog = 0;
		};
		58EA54816D564431BEC00E5E /* Copy Pods Resources */ = {
			isa = PBXShellScriptBuildPhase;
			buildActionMask = 2147483647;
			files = (
			);
			inputPaths = (
			);
			name = "Copy Pods Resources";
			outputPaths = (
			);
			runOnlyForDeploymentPostprocessing = 0;
			shellPath = /bin/sh;
			shellScript = "\"${SRCROOT}/Pods/Pods-MontserratDemoTests-resources.sh\"\n";
			showEnvVarsInLog = 0;
		};
		7CE08E6EAB3947E6827D3B3F /* Check Pods Manifest.lock */ = {
			isa = PBXShellScriptBuildPhase;
			buildActionMask = 2147483647;
			files = (
			);
			inputPaths = (
			);
			name = "Check Pods Manifest.lock";
			outputPaths = (
			);
			runOnlyForDeploymentPostprocessing = 0;
			shellPath = /bin/sh;
			shellScript = "diff \"${PODS_ROOT}/../Podfile.lock\" \"${PODS_ROOT}/Manifest.lock\" > /dev/null\nif [[ $? != 0 ]] ; then\n    cat << EOM\nerror: The sandbox is not in sync with the Podfile.lock. Run 'pod install' or update your CocoaPods installation.\nEOM\n    exit 1\nfi\n";
			showEnvVarsInLog = 0;
		};
		C7974085A5ED430B9307532E /* Copy Pods Resources */ = {
			isa = PBXShellScriptBuildPhase;
			buildActionMask = 2147483647;
			files = (
			);
			inputPaths = (
			);
			name = "Copy Pods Resources";
			outputPaths = (
			);
			runOnlyForDeploymentPostprocessing = 0;
			shellPath = /bin/sh;
			shellScript = "\"${SRCROOT}/Pods/Pods-MontserratDemo-resources.sh\"\n";
			showEnvVarsInLog = 0;
		};
/* End PBXShellScriptBuildPhase section */

/* Begin PBXSourcesBuildPhase section */
		7713633B1994DC0800F4A1F8 /* Sources */ = {
			isa = PBXSourcesBuildPhase;
			buildActionMask = 2147483647;
			files = (
				7713635C1994DC0900F4A1F8 /* ViewController.m in Sources */,
				771363531994DC0900F4A1F8 /* AppDelegate.m in Sources */,
				7713634F1994DC0900F4A1F8 /* main.m in Sources */,
			);
			runOnlyForDeploymentPostprocessing = 0;
		};
		7713635F1994DC0900F4A1F8 /* Sources */ = {
			isa = PBXSourcesBuildPhase;
			buildActionMask = 2147483647;
			files = (
				771363711994DC0900F4A1F8 /* MontserratDemoTests.m in Sources */,
			);
			runOnlyForDeploymentPostprocessing = 0;
		};
/* End PBXSourcesBuildPhase section */

/* Begin PBXTargetDependency section */
		771363691994DC0900F4A1F8 /* PBXTargetDependency */ = {
			isa = PBXTargetDependency;
			target = 7713633E1994DC0800F4A1F8 /* MontserratDemo */;
			targetProxy = 771363681994DC0900F4A1F8 /* PBXContainerItemProxy */;
		};
/* End PBXTargetDependency section */

/* Begin PBXVariantGroup section */
		7713634B1994DC0900F4A1F8 /* InfoPlist.strings */ = {
			isa = PBXVariantGroup;
			children = (
				7713634C1994DC0900F4A1F8 /* en */,
			);
			name = InfoPlist.strings;
			sourceTree = "<group>";
		};
		771363541994DC0900F4A1F8 /* Main_iPhone.storyboard */ = {
			isa = PBXVariantGroup;
			children = (
				771363551994DC0900F4A1F8 /* Base */,
			);
			name = Main_iPhone.storyboard;
			sourceTree = "<group>";
		};
		771363571994DC0900F4A1F8 /* Main_iPad.storyboard */ = {
			isa = PBXVariantGroup;
			children = (
				771363581994DC0900F4A1F8 /* Base */,
			);
			name = Main_iPad.storyboard;
			sourceTree = "<group>";
		};
		7713636D1994DC0900F4A1F8 /* InfoPlist.strings */ = {
			isa = PBXVariantGroup;
			children = (
				7713636E1994DC0900F4A1F8 /* en */,
			);
			name = InfoPlist.strings;
			sourceTree = "<group>";
		};
/* End PBXVariantGroup section */

/* Begin XCBuildConfiguration section */
		771363721994DC0900F4A1F8 /* Debug */ = {
			isa = XCBuildConfiguration;
			buildSettings = {
				ALWAYS_SEARCH_USER_PATHS = NO;
				CLANG_CXX_LANGUAGE_STANDARD = "gnu++0x";
				CLANG_CXX_LIBRARY = "libc++";
				CLANG_ENABLE_MODULES = YES;
				CLANG_ENABLE_OBJC_ARC = YES;
				CLANG_WARN_BOOL_CONVERSION = YES;
				CLANG_WARN_CONSTANT_CONVERSION = YES;
				CLANG_WARN_DIRECT_OBJC_ISA_USAGE = YES_ERROR;
				CLANG_WARN_EMPTY_BODY = YES;
				CLANG_WARN_ENUM_CONVERSION = YES;
				CLANG_WARN_INT_CONVERSION = YES;
				CLANG_WARN_OBJC_ROOT_CLASS = YES_ERROR;
				CLANG_WARN__DUPLICATE_METHOD_MATCH = YES;
				"CODE_SIGN_IDENTITY[sdk=iphoneos*]" = "iPhone Developer";
				COPY_PHASE_STRIP = NO;
				GCC_C_LANGUAGE_STANDARD = gnu99;
				GCC_DYNAMIC_NO_PIC = NO;
				GCC_OPTIMIZATION_LEVEL = 0;
				GCC_PREPROCESSOR_DEFINITIONS = (
					"DEBUG=1",
					"$(inherited)",
				);
				GCC_SYMBOLS_PRIVATE_EXTERN = NO;
				GCC_WARN_64_TO_32_BIT_CONVERSION = YES;
				GCC_WARN_ABOUT_RETURN_TYPE = YES_ERROR;
				GCC_WARN_UNDECLARED_SELECTOR = YES;
				GCC_WARN_UNINITIALIZED_AUTOS = YES_AGGRESSIVE;
				GCC_WARN_UNUSED_FUNCTION = YES;
				GCC_WARN_UNUSED_VARIABLE = YES;
				IPHONEOS_DEPLOYMENT_TARGET = 7.1;
				ONLY_ACTIVE_ARCH = YES;
				SDKROOT = iphoneos;
				TARGETED_DEVICE_FAMILY = "1,2";
			};
			name = Debug;
		};
		771363731994DC0900F4A1F8 /* Release */ = {
			isa = XCBuildConfiguration;
			buildSettings = {
				ALWAYS_SEARCH_USER_PATHS = NO;
				CLANG_CXX_LANGUAGE_STANDARD = "gnu++0x";
				CLANG_CXX_LIBRARY = "libc++";
				CLANG_ENABLE_MODULES = YES;
				CLANG_ENABLE_OBJC_ARC = YES;
				CLANG_WARN_BOOL_CONVERSION = YES;
				CLANG_WARN_CONSTANT_CONVERSION = YES;
				CLANG_WARN_DIRECT_OBJC_ISA_USAGE = YES_ERROR;
				CLANG_WARN_EMPTY_BODY = YES;
				CLANG_WARN_ENUM_CONVERSION = YES;
				CLANG_WARN_INT_CONVERSION = YES;
				CLANG_WARN_OBJC_ROOT_CLASS = YES_ERROR;
				CLANG_WARN__DUPLICATE_METHOD_MATCH = YES;
				"CODE_SIGN_IDENTITY[sdk=iphoneos*]" = "iPhone Developer";
				COPY_PHASE_STRIP = YES;
				ENABLE_NS_ASSERTIONS = NO;
				GCC_C_LANGUAGE_STANDARD = gnu99;
				GCC_WARN_64_TO_32_BIT_CONVERSION = YES;
				GCC_WARN_ABOUT_RETURN_TYPE = YES_ERROR;
				GCC_WARN_UNDECLARED_SELECTOR = YES;
				GCC_WARN_UNINITIALIZED_AUTOS = YES_AGGRESSIVE;
				GCC_WARN_UNUSED_FUNCTION = YES;
				GCC_WARN_UNUSED_VARIABLE = YES;
				IPHONEOS_DEPLOYMENT_TARGET = 7.1;
				SDKROOT = iphoneos;
				TARGETED_DEVICE_FAMILY = "1,2";
				VALIDATE_PRODUCT = YES;
			};
			name = Release;
		};
		771363751994DC0900F4A1F8 /* Debug */ = {
			isa = XCBuildConfiguration;
			baseConfigurationReference = 49DB6BEAD31E400281AB762E /* Pods-MontserratDemo.xcconfig */;
			buildSettings = {
				ASSETCATALOG_COMPILER_APPICON_NAME = AppIcon;
				ASSETCATALOG_COMPILER_LAUNCHIMAGE_NAME = LaunchImage;
				GCC_PRECOMPILE_PREFIX_HEADER = YES;
				GCC_PREFIX_HEADER = "MontserratDemo/MontserratDemo-Prefix.pch";
				INFOPLIST_FILE = "MontserratDemo/MontserratDemo-Info.plist";
				PRODUCT_NAME = "$(TARGET_NAME)";
				WRAPPER_EXTENSION = app;
			};
			name = Debug;
		};
		771363761994DC0900F4A1F8 /* Release */ = {
			isa = XCBuildConfiguration;
			baseConfigurationReference = 49DB6BEAD31E400281AB762E /* Pods-MontserratDemo.xcconfig */;
			buildSettings = {
				ASSETCATALOG_COMPILER_APPICON_NAME = AppIcon;
				ASSETCATALOG_COMPILER_LAUNCHIMAGE_NAME = LaunchImage;
				GCC_PRECOMPILE_PREFIX_HEADER = YES;
				GCC_PREFIX_HEADER = "MontserratDemo/MontserratDemo-Prefix.pch";
				INFOPLIST_FILE = "MontserratDemo/MontserratDemo-Info.plist";
				PRODUCT_NAME = "$(TARGET_NAME)";
				WRAPPER_EXTENSION = app;
			};
			name = Release;
		};
		771363781994DC0900F4A1F8 /* Debug */ = {
			isa = XCBuildConfiguration;
			baseConfigurationReference = 2F47762D539044B78718706F /* Pods-MontserratDemoTests.xcconfig */;
			buildSettings = {
				BUNDLE_LOADER = "$(BUILT_PRODUCTS_DIR)/MontserratDemo.app/MontserratDemo";
				FRAMEWORK_SEARCH_PATHS = (
					"$(SDKROOT)/Developer/Library/Frameworks",
					"$(inherited)",
					"$(DEVELOPER_FRAMEWORKS_DIR)",
				);
				GCC_PRECOMPILE_PREFIX_HEADER = YES;
				GCC_PREFIX_HEADER = "MontserratDemo/MontserratDemo-Prefix.pch";
				GCC_PREPROCESSOR_DEFINITIONS = (
					"DEBUG=1",
					"$(inherited)",
				);
				INFOPLIST_FILE = "MontserratDemoTests/MontserratDemoTests-Info.plist";
				PRODUCT_NAME = "$(TARGET_NAME)";
				TEST_HOST = "$(BUNDLE_LOADER)";
				WRAPPER_EXTENSION = xctest;
			};
			name = Debug;
		};
		771363791994DC0900F4A1F8 /* Release */ = {
			isa = XCBuildConfiguration;
			baseConfigurationReference = 2F47762D539044B78718706F /* Pods-MontserratDemoTests.xcconfig */;
			buildSettings = {
				BUNDLE_LOADER = "$(BUILT_PRODUCTS_DIR)/MontserratDemo.app/MontserratDemo";
				FRAMEWORK_SEARCH_PATHS = (
					"$(SDKROOT)/Developer/Library/Frameworks",
					"$(inherited)",
					"$(DEVELOPER_FRAMEWORKS_DIR)",
				);
				GCC_PRECOMPILE_PREFIX_HEADER = YES;
				GCC_PREFIX_HEADER = "MontserratDemo/MontserratDemo-Prefix.pch";
				INFOPLIST_FILE = "MontserratDemoTests/MontserratDemoTests-Info.plist";
				PRODUCT_NAME = "$(TARGET_NAME)";
				TEST_HOST = "$(BUNDLE_LOADER)";
				WRAPPER_EXTENSION = xctest;
			};
			name = Release;
		};
/* End XCBuildConfiguration section */

/* Begin XCConfigurationList section */
		7713633A1994DC0800F4A1F8 /* Build configuration list for PBXProject "MontserratDemo" */ = {
			isa = XCConfigurationList;
			buildConfigurations = (
				771363721994DC0900F4A1F8 /* Debug */,
				771363731994DC0900F4A1F8 /* Release */,
			);
			defaultConfigurationIsVisible = 0;
			defaultConfigurationName = Release;
		};
		771363741994DC0900F4A1F8 /* Build configuration list for PBXNativeTarget "MontserratDemo" */ = {
			isa = XCConfigurationList;
			buildConfigurations = (
				771363751994DC0900F4A1F8 /* Debug */,
				771363761994DC0900F4A1F8 /* Release */,
			);
			defaultConfigurationIsVisible = 0;
			defaultConfigurationName = Release;
		};
		771363771994DC0900F4A1F8 /* Build configuration list for PBXNativeTarget "MontserratDemoTests" */ = {
			isa = XCConfigurationList;
			buildConfigurations = (
				771363781994DC0900F4A1F8 /* Debug */,
				771363791994DC0900F4A1F8 /* Release */,
			);
			defaultConfigurationIsVisible = 0;
			defaultConfigurationName = Release;
		};
/* End XCConfigurationList section */
	};
	rootObject = 771363371994DC0800F4A1F8 /* Project object */;
}
